
Microsoft Visual Studio Solution File, Format Version 12.00
# Visual Studio Version 17
VisualStudioVersion = 17.11.35219.272
MinimumVisualStudioVersion = 10.0.40219.1
Project("{FAE04EC0-301F-11D3-BF4B-00C04F79EFBC}") = "nlclesson1", "nlclesson1\nlclesson1.csproj", "{9B63AD2C-8A0D-4107-8599-6D451165A1E7}"
EndProject
Project("{FAE04EC0-301F-11D3-BF4B-00C04F79EFBC}") = "lesson01nlc", "lesson01nlc\lesson01nlc.csproj", "{F4A29762-1240-4EDF-A0E0-990E704A87DD}"
EndProject
Global
	GlobalSection(SolutionConfigurationPlatforms) = preSolution
		Debug|Any CPU = Debug|Any CPU
		Release|Any CPU = Release|Any CPU
	EndGlobalSection
	GlobalSection(ProjectConfigurationPlatforms) = postSolution
		{9B63AD2C-8A0D-4107-8599-6D451165A1E7}.Debug|Any CPU.ActiveCfg = Debug|Any CPU
		{9B63AD2C-8A0D-4107-8599-6D451165A1E7}.Debug|Any CPU.Build.0 = Debug|Any CPU
		{9B63AD2C-8A0D-4107-8599-6D451165A1E7}.Release|Any CPU.ActiveCfg = Release|Any CPU
		{9B63AD2C-8A0D-4107-8599-6D451165A1E7}.Release|Any CPU.Build.0 = Release|Any CPU
		{F4A29762-1240-4EDF-A0E0-990E704A87DD}.Debug|Any CPU.ActiveCfg = Debug|Any CPU
		{F4A29762-1240-4EDF-A0E0-990E704A87DD}.Debug|Any CPU.Build.0 = Debug|Any CPU
		{F4A29762-1240-4EDF-A0E0-990E704A87DD}.Release|Any CPU.ActiveCfg = Release|Any CPU
		{F4A29762-1240-4EDF-A0E0-990E704A87DD}.Release|Any CPU.Build.0 = Release|Any CPU
	EndGlobalSection
	GlobalSection(SolutionProperties) = preSolution
		HideSolutionNode = FALSE
	EndGlobalSection
	GlobalSection(ExtensibilityGlobals) = postSolution
		SolutionGuid = {FA883CE4-1FAB-440D-9729-35FF4B8F64EF}
	EndGlobalSection
EndGlobal
