
Microsoft Visual Studio Solution File, Format Version 12.00
# Visual Studio Version 17
VisualStudioVersion = 17.11.35219.272
MinimumVisualStudioVersion = 10.0.40219.1
Project("{FAE04EC0-301F-11D3-BF4B-00C04F79EFBC}") = "Nlclessson03", "Nlclessson03\Nlclessson03.csproj", "{B65393E8-704D-43DE-BDF5-802EE1C3275D}"
EndProject
Global
	GlobalSection(SolutionConfigurationPlatforms) = preSolution
		Debug|Any CPU = Debug|Any CPU
		Release|Any CPU = Release|Any CPU
	EndGlobalSection
	GlobalSection(ProjectConfigurationPlatforms) = postSolution
		{B65393E8-704D-43DE-BDF5-802EE1C3275D}.Debug|Any CPU.ActiveCfg = Debug|Any CPU
		{B65393E8-704D-43DE-BDF5-802EE1C3275D}.Debug|Any CPU.Build.0 = Debug|Any CPU
		{B65393E8-704D-43DE-BDF5-802EE1C3275D}.Release|Any CPU.ActiveCfg = Release|Any CPU
		{B65393E8-704D-43DE-BDF5-802EE1C3275D}.Release|Any CPU.Build.0 = Release|Any CPU
	EndGlobalSection
	GlobalSection(SolutionProperties) = preSolution
		HideSolutionNode = FALSE
	EndGlobalSection
	GlobalSection(ExtensibilityGlobals) = postSolution
		SolutionGuid = {9B924072-46EE-4A9D-9C6B-9ED27F13E94A}
	EndGlobalSection
EndGlobal
