
Microsoft Visual Studio Solution File, Format Version 12.00
# Visual Studio Version 17
VisualStudioVersion = 17.11.35219.272
MinimumVisualStudioVersion = 10.0.40219.1
Project("{FAE04EC0-301F-11D3-BF4B-00C04F79EFBC}") = "bailamlab10", "bailamlab10\bailamlab10.csproj", "{DE72561B-3B8F-4348-AA92-DC43EBA58DFA}"
EndProject
Global
	GlobalSection(SolutionConfigurationPlatforms) = preSolution
		Debug|Any CPU = Debug|Any CPU
		Release|Any CPU = Release|Any CPU
	EndGlobalSection
	GlobalSection(ProjectConfigurationPlatforms) = postSolution
		{DE72561B-3B8F-4348-AA92-DC43EBA58DFA}.Debug|Any CPU.ActiveCfg = Debug|Any CPU
		{DE72561B-3B8F-4348-AA92-DC43EBA58DFA}.Debug|Any CPU.Build.0 = Debug|Any CPU
		{DE72561B-3B8F-4348-AA92-DC43EBA58DFA}.Release|Any CPU.ActiveCfg = Release|Any CPU
		{DE72561B-3B8F-4348-AA92-DC43EBA58DFA}.Release|Any CPU.Build.0 = Release|Any CPU
	EndGlobalSection
	GlobalSection(SolutionProperties) = preSolution
		HideSolutionNode = FALSE
	EndGlobalSection
	GlobalSection(ExtensibilityGlobals) = postSolution
		SolutionGuid = {6BBDBDD8-3C3E-4847-9672-24F8AA6441CA}
	EndGlobalSection
EndGlobal
