
Microsoft Visual Studio Solution File, Format Version 12.00
# Visual Studio Version 17
VisualStudioVersion = 17.11.35219.272
MinimumVisualStudioVersion = 10.0.40219.1
Project("{FAE04EC0-301F-11D3-BF4B-00C04F79EFBC}") = "nlcleson02", "nlcleson02\nlcleson02.csproj", "{782D8C5F-0B8F-4151-8DA4-86E8B4C662B7}"
EndProject
Global
	GlobalSection(SolutionConfigurationPlatforms) = preSolution
		Debug|Any CPU = Debug|Any CPU
		Release|Any CPU = Release|Any CPU
	EndGlobalSection
	GlobalSection(ProjectConfigurationPlatforms) = postSolution
		{782D8C5F-0B8F-4151-8DA4-86E8B4C662B7}.Debug|Any CPU.ActiveCfg = Debug|Any CPU
		{782D8C5F-0B8F-4151-8DA4-86E8B4C662B7}.Debug|Any CPU.Build.0 = Debug|Any CPU
		{782D8C5F-0B8F-4151-8DA4-86E8B4C662B7}.Release|Any CPU.ActiveCfg = Release|Any CPU
		{782D8C5F-0B8F-4151-8DA4-86E8B4C662B7}.Release|Any CPU.Build.0 = Release|Any CPU
	EndGlobalSection
	GlobalSection(SolutionProperties) = preSolution
		HideSolutionNode = FALSE
	EndGlobalSection
	GlobalSection(ExtensibilityGlobals) = postSolution
		SolutionGuid = {5906511D-874F-4B6C-924A-D6CEA02D4A18}
	EndGlobalSection
EndGlobal
